// !$*UTF8*$!
{
	archiveVersion = 1;
	classes = {
	};
	objectVersion = 56;
	objects = {

/* Begin PBXBuildFile section */
		D675DF572AC7993B008307DD /* AppDelegate.swift in Sources */ = {isa = PBXBuildFile; fileRef = D675DF562AC7993B008307DD /* AppDelegate.swift */; };
		D675DF592AC7993B008307DD /* SceneDelegate.swift in Sources */ = {isa = PBXBuildFile; fileRef = D675DF582AC7993B008307DD /* SceneDelegate.swift */; };
		D675DF602AC7993C008307DD /* Assets.xcassets in Resources */ = {isa = PBXBuildFile; fileRef = D675DF5F2AC7993C008307DD /* Assets.xcassets */; };
		D675DF632AC7993C008307DD /* LaunchScreen.storyboard in Resources */ = {isa = PBXBuildFile; fileRef = D675DF612AC7993C008307DD /* LaunchScreen.storyboard */; };
		D675DF732AC79A5C008307DD /* LoginViewController.swift in Sources */ = {isa = PBXBuildFile; fileRef = D675DF712AC79A5C008307DD /* LoginViewController.swift */; };
		D675DF742AC79A5C008307DD /* LoginViewController.xib in Resources */ = {isa = PBXBuildFile; fileRef = D675DF722AC79A5C008307DD /* LoginViewController.xib */; };
		D675DF822AC8DF8C008307DD /* DetailViewController.swift in Sources */ = {isa = PBXBuildFile; fileRef = D675DF802AC8DF8C008307DD /* DetailViewController.swift */; };
		D675DF832AC8DF8C008307DD /* DetailViewController.xib in Resources */ = {isa = PBXBuildFile; fileRef = D675DF812AC8DF8C008307DD /* DetailViewController.xib */; };
		D675DF972AC8EDA3008307DD /* CharacterTableViewCell.swift in Sources */ = {isa = PBXBuildFile; fileRef = D675DF952AC8EDA3008307DD /* CharacterTableViewCell.swift */; };
		D675DF982AC8EDA3008307DD /* CharacterTableViewCell.xib in Resources */ = {isa = PBXBuildFile; fileRef = D675DF962AC8EDA3008307DD /* CharacterTableViewCell.xib */; };
		D675DF9A2AC908BE008307DD /* DragonBallAPIDataProvider.swift in Sources */ = {isa = PBXBuildFile; fileRef = D675DF992AC908BE008307DD /* DragonBallAPIDataProvider.swift */; };
		D675DF9E2AC90994008307DD /* APIErrorsEnum.swift in Sources */ = {isa = PBXBuildFile; fileRef = D675DF9D2AC90994008307DD /* APIErrorsEnum.swift */; };
		D675DFA32AC90B18008307DD /* LocalStorageService.swift in Sources */ = {isa = PBXBuildFile; fileRef = D675DFA22AC90B18008307DD /* LocalStorageService.swift */; };
		D675DFA52AC90BB5008307DD /* CharacterModel.swift in Sources */ = {isa = PBXBuildFile; fileRef = D675DFA42AC90BB5008307DD /* CharacterModel.swift */; };
		D675DFA72AC90E1C008307DD /* CharacterProtocol.swift in Sources */ = {isa = PBXBuildFile; fileRef = D675DFA62AC90E1C008307DD /* CharacterProtocol.swift */; };
		D675DFA92AC91179008307DD /* TransformationModel.swift in Sources */ = {isa = PBXBuildFile; fileRef = D675DFA82AC91179008307DD /* TransformationModel.swift */; };
		D675DFAB2AC91CB9008307DD /* DragonBallAPIConstants.swift in Sources */ = {isa = PBXBuildFile; fileRef = D675DFAA2AC91CB9008307DD /* DragonBallAPIConstants.swift */; };
		D675DFAD2AC923E0008307DD /* ImageService.swift in Sources */ = {isa = PBXBuildFile; fileRef = D675DFAC2AC923E0008307DD /* ImageService.swift */; };
		D675DFB52AC98590008307DD /* CharacterViewController.swift in Sources */ = {isa = PBXBuildFile; fileRef = D675DFB32AC98590008307DD /* CharacterViewController.swift */; };
		D675DFB62AC98590008307DD /* CharacterViewController.xib in Resources */ = {isa = PBXBuildFile; fileRef = D675DFB42AC98590008307DD /* CharacterViewController.xib */; };
/* End PBXBuildFile section */

/* Begin PBXFileReference section */
		D675DF532AC7993B008307DD /* Dragon Ball.app */ = {isa = PBXFileReference; explicitFileType = wrapper.application; includeInIndex = 0; path = "Dragon Ball.app"; sourceTree = BUILT_PRODUCTS_DIR; };
		D675DF562AC7993B008307DD /* AppDelegate.swift */ = {isa = PBXFileReference; lastKnownFileType = sourcecode.swift; path = AppDelegate.swift; sourceTree = "<group>"; };
		D675DF582AC7993B008307DD /* SceneDelegate.swift */ = {isa = PBXFileReference; lastKnownFileType = sourcecode.swift; path = SceneDelegate.swift; sourceTree = "<group>"; };
		D675DF5F2AC7993C008307DD /* Assets.xcassets */ = {isa = PBXFileReference; lastKnownFileType = folder.assetcatalog; path = Assets.xcassets; sourceTree = "<group>"; };
		D675DF622AC7993C008307DD /* Base */ = {isa = PBXFileReference; lastKnownFileType = file.storyboard; name = Base; path = Base.lproj/LaunchScreen.storyboard; sourceTree = "<group>"; };
		D675DF642AC7993C008307DD /* Info.plist */ = {isa = PBXFileReference; lastKnownFileType = text.plist.xml; path = Info.plist; sourceTree = "<group>"; };
		D675DF712AC79A5C008307DD /* LoginViewController.swift */ = {isa = PBXFileReference; lastKnownFileType = sourcecode.swift; path = LoginViewController.swift; sourceTree = "<group>"; };
		D675DF722AC79A5C008307DD /* LoginViewController.xib */ = {isa = PBXFileReference; lastKnownFileType = file.xib; path = LoginViewController.xib; sourceTree = "<group>"; };
		D675DF802AC8DF8C008307DD /* DetailViewController.swift */ = {isa = PBXFileReference; lastKnownFileType = sourcecode.swift; path = DetailViewController.swift; sourceTree = "<group>"; };
		D675DF812AC8DF8C008307DD /* DetailViewController.xib */ = {isa = PBXFileReference; lastKnownFileType = file.xib; path = DetailViewController.xib; sourceTree = "<group>"; };
		D675DF952AC8EDA3008307DD /* CharacterTableViewCell.swift */ = {isa = PBXFileReference; lastKnownFileType = sourcecode.swift; path = CharacterTableViewCell.swift; sourceTree = "<group>"; };
		D675DF962AC8EDA3008307DD /* CharacterTableViewCell.xib */ = {isa = PBXFileReference; lastKnownFileType = file.xib; path = CharacterTableViewCell.xib; sourceTree = "<group>"; };
		D675DF992AC908BE008307DD /* DragonBallAPIDataProvider.swift */ = {isa = PBXFileReference; lastKnownFileType = sourcecode.swift; path = DragonBallAPIDataProvider.swift; sourceTree = "<group>"; };
		D675DF9D2AC90994008307DD /* APIErrorsEnum.swift */ = {isa = PBXFileReference; lastKnownFileType = sourcecode.swift; path = APIErrorsEnum.swift; sourceTree = "<group>"; };
		D675DFA22AC90B18008307DD /* LocalStorageService.swift */ = {isa = PBXFileReference; lastKnownFileType = sourcecode.swift; path = LocalStorageService.swift; sourceTree = "<group>"; };
		D675DFA42AC90BB5008307DD /* CharacterModel.swift */ = {isa = PBXFileReference; lastKnownFileType = sourcecode.swift; path = CharacterModel.swift; sourceTree = "<group>"; };
		D675DFA62AC90E1C008307DD /* CharacterProtocol.swift */ = {isa = PBXFileReference; lastKnownFileType = sourcecode.swift; path = CharacterProtocol.swift; sourceTree = "<group>"; };
		D675DFA82AC91179008307DD /* TransformationModel.swift */ = {isa = PBXFileReference; lastKnownFileType = sourcecode.swift; path = TransformationModel.swift; sourceTree = "<group>"; };
		D675DFAA2AC91CB9008307DD /* DragonBallAPIConstants.swift */ = {isa = PBXFileReference; lastKnownFileType = sourcecode.swift; path = DragonBallAPIConstants.swift; sourceTree = "<group>"; };
		D675DFAC2AC923E0008307DD /* ImageService.swift */ = {isa = PBXFileReference; lastKnownFileType = sourcecode.swift; path = ImageService.swift; sourceTree = "<group>"; };
		D675DFB32AC98590008307DD /* CharacterViewController.swift */ = {isa = PBXFileReference; lastKnownFileType = sourcecode.swift; path = CharacterViewController.swift; sourceTree = "<group>"; };
		D675DFB42AC98590008307DD /* CharacterViewController.xib */ = {isa = PBXFileReference; lastKnownFileType = file.xib; path = CharacterViewController.xib; sourceTree = "<group>"; };
/* End PBXFileReference section */

/* Begin PBXFrameworksBuildPhase section */
		D675DF502AC7993B008307DD /* Frameworks */ = {
			isa = PBXFrameworksBuildPhase;
			buildActionMask = 2147483647;
			files = (
			);
			runOnlyForDeploymentPostprocessing = 0;
		};
/* End PBXFrameworksBuildPhase section */

/* Begin PBXGroup section */
		D675DF4A2AC7993B008307DD = {
			isa = PBXGroup;
			children = (
				D675DF552AC7993B008307DD /* Dragon Ball */,
				D675DF542AC7993B008307DD /* Products */,
			);
			sourceTree = "<group>";
		};
		D675DF542AC7993B008307DD /* Products */ = {
			isa = PBXGroup;
			children = (
				D675DF532AC7993B008307DD /* Dragon Ball.app */,
			);
			name = Products;
			sourceTree = "<group>";
		};
		D675DF552AC7993B008307DD /* Dragon Ball */ = {
			isa = PBXGroup;
			children = (
				D675DFA12AC90AE8008307DD /* Services */,
				D675DF792AC8DF2A008307DD /* Data Providers */,
				D675DF782AC8DEC4008307DD /* Views */,
				D675DF752AC79F44008307DD /* Models */,
				D675DF562AC7993B008307DD /* AppDelegate.swift */,
				D675DF582AC7993B008307DD /* SceneDelegate.swift */,
				D675DF5F2AC7993C008307DD /* Assets.xcassets */,
				D675DF612AC7993C008307DD /* LaunchScreen.storyboard */,
				D675DF642AC7993C008307DD /* Info.plist */,
			);
			path = "Dragon Ball";
			sourceTree = "<group>";
		};
		D675DF6E2AC799EC008307DD /* Login */ = {
			isa = PBXGroup;
			children = (
				D675DF712AC79A5C008307DD /* LoginViewController.swift */,
				D675DF722AC79A5C008307DD /* LoginViewController.xib */,
			);
			path = Login;
			sourceTree = "<group>";
		};
		D675DF752AC79F44008307DD /* Models */ = {
			isa = PBXGroup;
			children = (
				D675DF9D2AC90994008307DD /* APIErrorsEnum.swift */,
				D675DFA42AC90BB5008307DD /* CharacterModel.swift */,
				D675DFA62AC90E1C008307DD /* CharacterProtocol.swift */,
				D675DFA82AC91179008307DD /* TransformationModel.swift */,
				D675DFAA2AC91CB9008307DD /* DragonBallAPIConstants.swift */,
			);
			path = Models;
			sourceTree = "<group>";
		};
		D675DF782AC8DEC4008307DD /* Views */ = {
			isa = PBXGroup;
			children = (
				D675DFAE2AC927A4008307DD /* Characters Table */,
				D675DF942AC8ED8A008307DD /* Character */,
				D675DF7B2AC8DF4B008307DD /* Detail */,
				D675DF6E2AC799EC008307DD /* Login */,
			);
			path = Views;
			sourceTree = "<group>";
		};
		D675DF792AC8DF2A008307DD /* Data Providers */ = {
			isa = PBXGroup;
			children = (
				D675DF992AC908BE008307DD /* DragonBallAPIDataProvider.swift */,
			);
			path = "Data Providers";
			sourceTree = "<group>";
		};
		D675DF7B2AC8DF4B008307DD /* Detail */ = {
			isa = PBXGroup;
			children = (
				D675DF802AC8DF8C008307DD /* DetailViewController.swift */,
				D675DF812AC8DF8C008307DD /* DetailViewController.xib */,
			);
			path = Detail;
			sourceTree = "<group>";
		};
		D675DF942AC8ED8A008307DD /* Character */ = {
			isa = PBXGroup;
			children = (
				D675DF952AC8EDA3008307DD /* CharacterTableViewCell.swift */,
				D675DF962AC8EDA3008307DD /* CharacterTableViewCell.xib */,
			);
			path = Character;
			sourceTree = "<group>";
		};
		D675DFA12AC90AE8008307DD /* Services */ = {
			isa = PBXGroup;
			children = (
				D675DFA22AC90B18008307DD /* LocalStorageService.swift */,
				D675DFAC2AC923E0008307DD /* ImageService.swift */,
			);
			path = Services;
			sourceTree = "<group>";
		};
		D675DFAE2AC927A4008307DD /* Characters Table */ = {
			isa = PBXGroup;
			children = (
				D675DFB32AC98590008307DD /* CharacterViewController.swift */,
				D675DFB42AC98590008307DD /* CharacterViewController.xib */,
			);
			path = "Characters Table";
			sourceTree = "<group>";
		};
/* End PBXGroup section */

/* Begin PBXNativeTarget section */
		D675DF522AC7993B008307DD /* Dragon Ball */ = {
			isa = PBXNativeTarget;
			buildConfigurationList = D675DF672AC7993C008307DD /* Build configuration list for PBXNativeTarget "Dragon Ball" */;
			buildPhases = (
				D675DF4F2AC7993B008307DD /* Sources */,
				D675DF502AC7993B008307DD /* Frameworks */,
				D675DF512AC7993B008307DD /* Resources */,
			);
			buildRules = (
			);
			dependencies = (
			);
			name = "Dragon Ball";
			productName = "Dragon Ball";
			productReference = D675DF532AC7993B008307DD /* Dragon Ball.app */;
			productType = "com.apple.product-type.application";
		};
/* End PBXNativeTarget section */

/* Begin PBXProject section */
		D675DF4B2AC7993B008307DD /* Project object */ = {
			isa = PBXProject;
			attributes = {
				BuildIndependentTargetsInParallel = 1;
				LastSwiftUpdateCheck = 1500;
				LastUpgradeCheck = 1500;
				TargetAttributes = {
					D675DF522AC7993B008307DD = {
						CreatedOnToolsVersion = 15.0;
					};
				};
			};
			buildConfigurationList = D675DF4E2AC7993B008307DD /* Build configuration list for PBXProject "Dragon Ball" */;
			compatibilityVersion = "Xcode 14.0";
			developmentRegion = en;
			hasScannedForEncodings = 0;
			knownRegions = (
				en,
				Base,
			);
			mainGroup = D675DF4A2AC7993B008307DD;
			productRefGroup = D675DF542AC7993B008307DD /* Products */;
			projectDirPath = "";
			projectRoot = "";
			targets = (
				D675DF522AC7993B008307DD /* Dragon Ball */,
			);
		};
/* End PBXProject section */

/* Begin PBXResourcesBuildPhase section */
		D675DF512AC7993B008307DD /* Resources */ = {
			isa = PBXResourcesBuildPhase;
			buildActionMask = 2147483647;
			files = (
				D675DFB62AC98590008307DD /* CharacterViewController.xib in Resources */,
				D675DF632AC7993C008307DD /* LaunchScreen.storyboard in Resources */,
				D675DF602AC7993C008307DD /* Assets.xcassets in Resources */,
				D675DF982AC8EDA3008307DD /* CharacterTableViewCell.xib in Resources */,
				D675DF832AC8DF8C008307DD /* DetailViewController.xib in Resources */,
				D675DF742AC79A5C008307DD /* LoginViewController.xib in Resources */,
			);
			runOnlyForDeploymentPostprocessing = 0;
		};
/* End PBXResourcesBuildPhase section */

/* Begin PBXSourcesBuildPhase section */
		D675DF4F2AC7993B008307DD /* Sources */ = {
			isa = PBXSourcesBuildPhase;
			buildActionMask = 2147483647;
			files = (
				D675DF732AC79A5C008307DD /* LoginViewController.swift in Sources */,
				D675DFA52AC90BB5008307DD /* CharacterModel.swift in Sources */,
				D675DFAB2AC91CB9008307DD /* DragonBallAPIConstants.swift in Sources */,
				D675DFA32AC90B18008307DD /* LocalStorageService.swift in Sources */,
				D675DFA72AC90E1C008307DD /* CharacterProtocol.swift in Sources */,
				D675DF9E2AC90994008307DD /* APIErrorsEnum.swift in Sources */,
				D675DFB52AC98590008307DD /* CharacterViewController.swift in Sources */,
				D675DF972AC8EDA3008307DD /* CharacterTableViewCell.swift in Sources */,
				D675DF572AC7993B008307DD /* AppDelegate.swift in Sources */,
				D675DFA92AC91179008307DD /* TransformationModel.swift in Sources */,
				D675DF592AC7993B008307DD /* SceneDelegate.swift in Sources */,
				D675DF822AC8DF8C008307DD /* DetailViewController.swift in Sources */,
				D675DF9A2AC908BE008307DD /* DragonBallAPIDataProvider.swift in Sources */,
				D675DFAD2AC923E0008307DD /* ImageService.swift in Sources */,
			);
			runOnlyForDeploymentPostprocessing = 0;
		};
/* End PBXSourcesBuildPhase section */

/* Begin PBXVariantGroup section */
		D675DF612AC7993C008307DD /* LaunchScreen.storyboard */ = {
			isa = PBXVariantGroup;
			children = (
				D675DF622AC7993C008307DD /* Base */,
			);
			name = LaunchScreen.storyboard;
			sourceTree = "<group>";
		};
/* End PBXVariantGroup section */

/* Begin XCBuildConfiguration section */
		D675DF652AC7993C008307DD /* Debug */ = {
			isa = XCBuildConfiguration;
			buildSettings = {
				ALWAYS_SEARCH_USER_PATHS = NO;
				ASSETCATALOG_COMPILER_GENERATE_SWIFT_ASSET_SYMBOL_EXTENSIONS = YES;
				CLANG_ANALYZER_NONNULL = YES;
				CLANG_ANALYZER_NUMBER_OBJECT_CONVERSION = YES_AGGRESSIVE;
				CLANG_CXX_LANGUAGE_STANDARD = "gnu++20";
				CLANG_ENABLE_MODULES = YES;
				CLANG_ENABLE_OBJC_ARC = YES;
				CLANG_ENABLE_OBJC_WEAK = YES;
				CLANG_WARN_BLOCK_CAPTURE_AUTORELEASING = YES;
				CLANG_WARN_BOOL_CONVERSION = YES;
				CLANG_WARN_COMMA = YES;
				CLANG_WARN_CONSTANT_CONVERSION = YES;
				CLANG_WARN_DEPRECATED_OBJC_IMPLEMENTATIONS = YES;
				CLANG_WARN_DIRECT_OBJC_ISA_USAGE = YES_ERROR;
				CLANG_WARN_DOCUMENTATION_COMMENTS = YES;
				CLANG_WARN_EMPTY_BODY = YES;
				CLANG_WARN_ENUM_CONVERSION = YES;
				CLANG_WARN_INFINITE_RECURSION = YES;
				CLANG_WARN_INT_CONVERSION = YES;
				CLANG_WARN_NON_LITERAL_NULL_CONVERSION = YES;
				CLANG_WARN_OBJC_IMPLICIT_RETAIN_SELF = YES;
				CLANG_WARN_OBJC_LITERAL_CONVERSION = YES;
				CLANG_WARN_OBJC_ROOT_CLASS = YES_ERROR;
				CLANG_WARN_QUOTED_INCLUDE_IN_FRAMEWORK_HEADER = YES;
				CLANG_WARN_RANGE_LOOP_ANALYSIS = YES;
				CLANG_WARN_STRICT_PROTOTYPES = YES;
				CLANG_WARN_SUSPICIOUS_MOVE = YES;
				CLANG_WARN_UNGUARDED_AVAILABILITY = YES_AGGRESSIVE;
				CLANG_WARN_UNREACHABLE_CODE = YES;
				CLANG_WARN__DUPLICATE_METHOD_MATCH = YES;
				COPY_PHASE_STRIP = NO;
				DEBUG_INFORMATION_FORMAT = dwarf;
				ENABLE_STRICT_OBJC_MSGSEND = YES;
				ENABLE_TESTABILITY = YES;
				ENABLE_USER_SCRIPT_SANDBOXING = YES;
				GCC_C_LANGUAGE_STANDARD = gnu17;
				GCC_DYNAMIC_NO_PIC = NO;
				GCC_NO_COMMON_BLOCKS = YES;
				GCC_OPTIMIZATION_LEVEL = 0;
				GCC_PREPROCESSOR_DEFINITIONS = (
					"DEBUG=1",
					"$(inherited)",
				);
				GCC_WARN_64_TO_32_BIT_CONVERSION = YES;
				GCC_WARN_ABOUT_RETURN_TYPE = YES_ERROR;
				GCC_WARN_UNDECLARED_SELECTOR = YES;
				GCC_WARN_UNINITIALIZED_AUTOS = YES_AGGRESSIVE;
				GCC_WARN_UNUSED_FUNCTION = YES;
				GCC_WARN_UNUSED_VARIABLE = YES;
				IPHONEOS_DEPLOYMENT_TARGET = 17.0;
				LOCALIZATION_PREFERS_STRING_CATALOGS = YES;
				MTL_ENABLE_DEBUG_INFO = INCLUDE_SOURCE;
				MTL_FAST_MATH = YES;
				ONLY_ACTIVE_ARCH = YES;
				SDKROOT = iphoneos;
				SWIFT_ACTIVE_COMPILATION_CONDITIONS = "DEBUG $(inherited)";
				SWIFT_OPTIMIZATION_LEVEL = "-Onone";
			};
			name = Debug;
		};
		D675DF662AC7993C008307DD /* Release */ = {
			isa = XCBuildConfiguration;
			buildSettings = {
				ALWAYS_SEARCH_USER_PATHS = NO;
				ASSETCATALOG_COMPILER_GENERATE_SWIFT_ASSET_SYMBOL_EXTENSIONS = YES;
				CLANG_ANALYZER_NONNULL = YES;
				CLANG_ANALYZER_NUMBER_OBJECT_CONVERSION = YES_AGGRESSIVE;
				CLANG_CXX_LANGUAGE_STANDARD = "gnu++20";
				CLANG_ENABLE_MODULES = YES;
				CLANG_ENABLE_OBJC_ARC = YES;
				CLANG_ENABLE_OBJC_WEAK = YES;
				CLANG_WARN_BLOCK_CAPTURE_AUTORELEASING = YES;
				CLANG_WARN_BOOL_CONVERSION = YES;
				CLANG_WARN_COMMA = YES;
				CLANG_WARN_CONSTANT_CONVERSION = YES;
				CLANG_WARN_DEPRECATED_OBJC_IMPLEMENTATIONS = YES;
				CLANG_WARN_DIRECT_OBJC_ISA_USAGE = YES_ERROR;
				CLANG_WARN_DOCUMENTATION_COMMENTS = YES;
				CLANG_WARN_EMPTY_BODY = YES;
				CLANG_WARN_ENUM_CONVERSION = YES;
				CLANG_WARN_INFINITE_RECURSION = YES;
				CLANG_WARN_INT_CONVERSION = YES;
				CLANG_WARN_NON_LITERAL_NULL_CONVERSION = YES;
				CLANG_WARN_OBJC_IMPLICIT_RETAIN_SELF = YES;
				CLANG_WARN_OBJC_LITERAL_CONVERSION = YES;
				CLANG_WARN_OBJC_ROOT_CLASS = YES_ERROR;
				CLANG_WARN_QUOTED_INCLUDE_IN_FRAMEWORK_HEADER = YES;
				CLANG_WARN_RANGE_LOOP_ANALYSIS = YES;
				CLANG_WARN_STRICT_PROTOTYPES = YES;
				CLANG_WARN_SUSPICIOUS_MOVE = YES;
				CLANG_WARN_UNGUARDED_AVAILABILITY = YES_AGGRESSIVE;
				CLANG_WARN_UNREACHABLE_CODE = YES;
				CLANG_WARN__DUPLICATE_METHOD_MATCH = YES;
				COPY_PHASE_STRIP = NO;
				DEBUG_INFORMATION_FORMAT = "dwarf-with-dsym";
				ENABLE_NS_ASSERTIONS = NO;
				ENABLE_STRICT_OBJC_MSGSEND = YES;
				ENABLE_USER_SCRIPT_SANDBOXING = YES;
				GCC_C_LANGUAGE_STANDARD = gnu17;
				GCC_NO_COMMON_BLOCKS = YES;
				GCC_WARN_64_TO_32_BIT_CONVERSION = YES;
				GCC_WARN_ABOUT_RETURN_TYPE = YES_ERROR;
				GCC_WARN_UNDECLARED_SELECTOR = YES;
				GCC_WARN_UNINITIALIZED_AUTOS = YES_AGGRESSIVE;
				GCC_WARN_UNUSED_FUNCTION = YES;
				GCC_WARN_UNUSED_VARIABLE = YES;
				IPHONEOS_DEPLOYMENT_TARGET = 17.0;
				LOCALIZATION_PREFERS_STRING_CATALOGS = YES;
				MTL_ENABLE_DEBUG_INFO = NO;
				MTL_FAST_MATH = YES;
				SDKROOT = iphoneos;
				SWIFT_COMPILATION_MODE = wholemodule;
				VALIDATE_PRODUCT = YES;
			};
			name = Release;
		};
		D675DF682AC7993C008307DD /* Debug */ = {
			isa = XCBuildConfiguration;
			buildSettings = {
				ASSETCATALOG_COMPILER_APPICON_NAME = AppIcon;
				ASSETCATALOG_COMPILER_GLOBAL_ACCENT_COLOR_NAME = AccentColor;
				CODE_SIGN_STYLE = Automatic;
				CURRENT_PROJECT_VERSION = 1;
				DEVELOPMENT_TEAM = KK7C9KD449;
				GENERATE_INFOPLIST_FILE = YES;
				INFOPLIST_FILE = "Dragon Ball/Info.plist";
				INFOPLIST_KEY_UIApplicationSupportsIndirectInputEvents = YES;
				INFOPLIST_KEY_UILaunchStoryboardName = LaunchScreen;
				INFOPLIST_KEY_UISupportedInterfaceOrientations_iPad = "UIInterfaceOrientationPortrait UIInterfaceOrientationPortraitUpsideDown UIInterfaceOrientationLandscapeLeft UIInterfaceOrientationLandscapeRight";
				INFOPLIST_KEY_UISupportedInterfaceOrientations_iPhone = "UIInterfaceOrientationPortrait UIInterfaceOrientationLandscapeLeft UIInterfaceOrientationLandscapeRight";
				LD_RUNPATH_SEARCH_PATHS = (
					"$(inherited)",
					"@executable_path/Frameworks",
				);
				MARKETING_VERSION = 1.0;
				PRODUCT_BUNDLE_IDENTIFIER = "com.gonzalo-gregorio.Dragon-Ball";
				PRODUCT_NAME = "$(TARGET_NAME)";
				SWIFT_EMIT_LOC_STRINGS = YES;
				SWIFT_VERSION = 5.0;
				TARGETED_DEVICE_FAMILY = "1,2";
			};
			name = Debug;
		};
		D675DF692AC7993C008307DD /* Release */ = {
			isa = XCBuildConfiguration;
			buildSettings = {
				ASSETCATALOG_COMPILER_APPICON_NAME = AppIcon;
				ASSETCATALOG_COMPILER_GLOBAL_ACCENT_COLOR_NAME = AccentColor;
				CODE_SIGN_STYLE = Automatic;
				CURRENT_PROJECT_VERSION = 1;
				DEVELOPMENT_TEAM = KK7C9KD449;
				GENERATE_INFOPLIST_FILE = YES;
				INFOPLIST_FILE = "Dragon Ball/Info.plist";
				INFOPLIST_KEY_UIApplicationSupportsIndirectInputEvents = YES;
				INFOPLIST_KEY_UILaunchStoryboardName = LaunchScreen;
				INFOPLIST_KEY_UISupportedInterfaceOrientations_iPad = "UIInterfaceOrientationPortrait UIInterfaceOrientationPortraitUpsideDown UIInterfaceOrientationLandscapeLeft UIInterfaceOrientationLandscapeRight";
				INFOPLIST_KEY_UISupportedInterfaceOrientations_iPhone = "UIInterfaceOrientationPortrait UIInterfaceOrientationLandscapeLeft UIInterfaceOrientationLandscapeRight";
				LD_RUNPATH_SEARCH_PATHS = (
					"$(inherited)",
					"@executable_path/Frameworks",
				);
				MARKETING_VERSION = 1.0;
				PRODUCT_BUNDLE_IDENTIFIER = "com.gonzalo-gregorio.Dragon-Ball";
				PRODUCT_NAME = "$(TARGET_NAME)";
				SWIFT_EMIT_LOC_STRINGS = YES;
				SWIFT_VERSION = 5.0;
				TARGETED_DEVICE_FAMILY = "1,2";
			};
			name = Release;
		};
/* End XCBuildConfiguration section */

/* Begin XCConfigurationList section */
		D675DF4E2AC7993B008307DD /* Build configuration list for PBXProject "Dragon Ball" */ = {
			isa = XCConfigurationList;
			buildConfigurations = (
				D675DF652AC7993C008307DD /* Debug */,
				D675DF662AC7993C008307DD /* Release */,
			);
			defaultConfigurationIsVisible = 0;
			defaultConfigurationName = Release;
		};
		D675DF672AC7993C008307DD /* Build configuration list for PBXNativeTarget "Dragon Ball" */ = {
			isa = XCConfigurationList;
			buildConfigurations = (
				D675DF682AC7993C008307DD /* Debug */,
				D675DF692AC7993C008307DD /* Release */,
			);
			defaultConfigurationIsVisible = 0;
			defaultConfigurationName = Release;
		};
/* End XCConfigurationList section */
	};
	rootObject = D675DF4B2AC7993B008307DD /* Project object */;
}
